
Microsoft Visual Studio Solution File, Format Version 12.00
# Visual Studio 2013
VisualStudioVersion = 12.0.21005.1
MinimumVisualStudioVersion = 10.0.40219.1
Project("{FAE04EC0-301F-11D3-BF4B-00C04F79EFBC}") = "my_client", "my_client\my_client.csproj", "{F2E1CAB8-B161-4948-89F7-046044934FD1}"
EndProject
Project("{FAE04EC0-301F-11D3-BF4B-00C04F79EFBC}") = "unit_test", "unit_test\unit_test.csproj", "{27FE1B72-8F06-479A-8AB9-3D932CEFCD59}"
EndProject
Project("{FAE04EC0-301F-11D3-BF4B-00C04F79EFBC}") = "ClassLibrary", "ClassLibrary\ClassLibrary.csproj", "{7F3B66CC-4FF4-46CB-871B-FD0BBBDE96A6}"
EndProject
Global
	GlobalSection(SolutionConfigurationPlatforms) = preSolution
		Debug|Any CPU = Debug|Any CPU
		Release|Any CPU = Release|Any CPU
	EndGlobalSection
	GlobalSection(ProjectConfigurationPlatforms) = postSolution
		{F2E1CAB8-B161-4948-89F7-046044934FD1}.Debug|Any CPU.ActiveCfg = Debug|Any CPU
		{F2E1CAB8-B161-4948-89F7-046044934FD1}.Debug|Any CPU.Build.0 = Debug|Any CPU
		{F2E1CAB8-B161-4948-89F7-046044934FD1}.Release|Any CPU.ActiveCfg = Release|Any CPU
		{F2E1CAB8-B161-4948-89F7-046044934FD1}.Release|Any CPU.Build.0 = Release|Any CPU
		{27FE1B72-8F06-479A-8AB9-3D932CEFCD59}.Debug|Any CPU.ActiveCfg = Debug|Any CPU
		{27FE1B72-8F06-479A-8AB9-3D932CEFCD59}.Debug|Any CPU.Build.0 = Debug|Any CPU
		{27FE1B72-8F06-479A-8AB9-3D932CEFCD59}.Release|Any CPU.ActiveCfg = Release|Any CPU
		{27FE1B72-8F06-479A-8AB9-3D932CEFCD59}.Release|Any CPU.Build.0 = Release|Any CPU
		{7F3B66CC-4FF4-46CB-871B-FD0BBBDE96A6}.Debug|Any CPU.ActiveCfg = Debug|Any CPU
		{7F3B66CC-4FF4-46CB-871B-FD0BBBDE96A6}.Debug|Any CPU.Build.0 = Debug|Any CPU
		{7F3B66CC-4FF4-46CB-871B-FD0BBBDE96A6}.Release|Any CPU.ActiveCfg = Release|Any CPU
		{7F3B66CC-4FF4-46CB-871B-FD0BBBDE96A6}.Release|Any CPU.Build.0 = Release|Any CPU
	EndGlobalSection
	GlobalSection(SolutionProperties) = preSolution
		HideSolutionNode = FALSE
	EndGlobalSection
EndGlobal
