
Microsoft Visual Studio Solution File, Format Version 12.00
# Visual Studio 2013
VisualStudioVersion = 12.0.21005.1
MinimumVisualStudioVersion = 10.0.40219.1
Project("{FAE04EC0-301F-11D3-BF4B-00C04F79EFBC}") = "text_work", "text_work\text_work.csproj", "{C435A34F-168D-4132-8F3D-D7AC92D5E5EC}"
EndProject
Project("{FAE04EC0-301F-11D3-BF4B-00C04F79EFBC}") = "text_work_test", "text_work_test\text_work_test.csproj", "{29D664DA-CCFA-4712-86E3-43352AC821E3}"
EndProject
Global
	GlobalSection(SolutionConfigurationPlatforms) = preSolution
		Debug|Any CPU = Debug|Any CPU
		Release|Any CPU = Release|Any CPU
	EndGlobalSection
	GlobalSection(ProjectConfigurationPlatforms) = postSolution
		{C435A34F-168D-4132-8F3D-D7AC92D5E5EC}.Debug|Any CPU.ActiveCfg = Debug|Any CPU
		{C435A34F-168D-4132-8F3D-D7AC92D5E5EC}.Debug|Any CPU.Build.0 = Debug|Any CPU
		{C435A34F-168D-4132-8F3D-D7AC92D5E5EC}.Release|Any CPU.ActiveCfg = Release|Any CPU
		{C435A34F-168D-4132-8F3D-D7AC92D5E5EC}.Release|Any CPU.Build.0 = Release|Any CPU
		{29D664DA-CCFA-4712-86E3-43352AC821E3}.Debug|Any CPU.ActiveCfg = Debug|Any CPU
		{29D664DA-CCFA-4712-86E3-43352AC821E3}.Debug|Any CPU.Build.0 = Debug|Any CPU
		{29D664DA-CCFA-4712-86E3-43352AC821E3}.Release|Any CPU.ActiveCfg = Release|Any CPU
		{29D664DA-CCFA-4712-86E3-43352AC821E3}.Release|Any CPU.Build.0 = Release|Any CPU
	EndGlobalSection
	GlobalSection(SolutionProperties) = preSolution
		HideSolutionNode = FALSE
	EndGlobalSection
EndGlobal
